
Microsoft Visual Studio Solution File, Format Version 12.00
# Visual Studio 14
VisualStudioVersion = 14.0.23107.0
MinimumVisualStudioVersion = 10.0.40219.1
Project("{FAE04EC0-301F-11D3-BF4B-00C04F79EFBC}") = "SimpleTcp", "src\SimpleTcp\SimpleTcp.csproj", "{DB338693-F190-465F-A06E-01354789DAF5}"
EndProject
Project("{FAE04EC0-301F-11D3-BF4B-00C04F79EFBC}") = "SimpleTcp.Tests", "src\SimpleTcp.Tests\SimpleTcp.Tests.csproj", "{8CCE5510-69D9-4442-94F0-4E37E09F1E87}"
EndProject
Global
	GlobalSection(SolutionConfigurationPlatforms) = preSolution
		Debug|Any CPU = Debug|Any CPU
		Release|Any CPU = Release|Any CPU
	EndGlobalSection
	GlobalSection(ProjectConfigurationPlatforms) = postSolution
		{DB338693-F190-465F-A06E-01354789DAF5}.Debug|Any CPU.ActiveCfg = Debug|Any CPU
		{DB338693-F190-465F-A06E-01354789DAF5}.Debug|Any CPU.Build.0 = Debug|Any CPU
		{DB338693-F190-465F-A06E-01354789DAF5}.Release|Any CPU.ActiveCfg = Release|Any CPU
		{DB338693-F190-465F-A06E-01354789DAF5}.Release|Any CPU.Build.0 = Release|Any CPU
		{8CCE5510-69D9-4442-94F0-4E37E09F1E87}.Debug|Any CPU.ActiveCfg = Debug|Any CPU
		{8CCE5510-69D9-4442-94F0-4E37E09F1E87}.Debug|Any CPU.Build.0 = Debug|Any CPU
		{8CCE5510-69D9-4442-94F0-4E37E09F1E87}.Release|Any CPU.ActiveCfg = Release|Any CPU
		{8CCE5510-69D9-4442-94F0-4E37E09F1E87}.Release|Any CPU.Build.0 = Release|Any CPU
	EndGlobalSection
	GlobalSection(SolutionProperties) = preSolution
		HideSolutionNode = FALSE
	EndGlobalSection
EndGlobal
